// !$*UTF8*$!
{
	archiveVersion = 1;
	classes = {
	};
	objectVersion = 56;
	objects = {

/* Begin PBXBuildFile section */
		647AAFDD2B89A61600CD0D3F /* AppetizerListView.swift in Sources */ = {isa = PBXBuildFile; fileRef = 647AAFDC2B89A61600CD0D3F /* AppetizerListView.swift */; };
		647AAFDF2B89A63400CD0D3F /* OrderView.swift in Sources */ = {isa = PBXBuildFile; fileRef = 647AAFDE2B89A63400CD0D3F /* OrderView.swift */; };
		647AAFE12B89A65A00CD0D3F /* AccountView.swift in Sources */ = {isa = PBXBuildFile; fileRef = 647AAFE02B89A65A00CD0D3F /* AccountView.swift */; };
		647AAFE32B89B87100CD0D3F /* Appetizer.swift in Sources */ = {isa = PBXBuildFile; fileRef = 647AAFE22B89B87100CD0D3F /* Appetizer.swift */; };
		647AAFE52B89C5CE00CD0D3F /* AppetizerTitleView.swift in Sources */ = {isa = PBXBuildFile; fileRef = 647AAFE42B89C5CE00CD0D3F /* AppetizerTitleView.swift */; };
		647AAFE72B8B7F4E00CD0D3F /* APError.swift in Sources */ = {isa = PBXBuildFile; fileRef = 647AAFE62B8B7F4E00CD0D3F /* APError.swift */; };
		647AAFE92B8B801E00CD0D3F /* NetworkManager.swift in Sources */ = {isa = PBXBuildFile; fileRef = 647AAFE82B8B801E00CD0D3F /* NetworkManager.swift */; };
		64D12E6B2B88E3BB006C3C3D /* AppetizersApp.swift in Sources */ = {isa = PBXBuildFile; fileRef = 64D12E6A2B88E3BB006C3C3D /* AppetizersApp.swift */; };
		64D12E6D2B88E3BB006C3C3D /* AppetizerTabView.swift in Sources */ = {isa = PBXBuildFile; fileRef = 64D12E6C2B88E3BB006C3C3D /* AppetizerTabView.swift */; };
		64D12E6F2B88E3BD006C3C3D /* Assets.xcassets in Resources */ = {isa = PBXBuildFile; fileRef = 64D12E6E2B88E3BD006C3C3D /* Assets.xcassets */; };
		64D12E722B88E3BD006C3C3D /* Preview Assets.xcassets in Resources */ = {isa = PBXBuildFile; fileRef = 64D12E712B88E3BD006C3C3D /* Preview Assets.xcassets */; };
		64DFA15A2B8C7A6C00E9D3E5 /* AppetizerListViewModel.swift in Sources */ = {isa = PBXBuildFile; fileRef = 64DFA1592B8C7A6C00E9D3E5 /* AppetizerListViewModel.swift */; };
		64DFA15C2B8CA9CD00E9D3E5 /* AlertItem.swift in Sources */ = {isa = PBXBuildFile; fileRef = 64DFA15B2B8CA9CD00E9D3E5 /* AlertItem.swift */; };
		64DFA15F2B8CCC5A00E9D3E5 /* CachedAsyncImage in Frameworks */ = {isa = PBXBuildFile; productRef = 64DFA15E2B8CCC5A00E9D3E5 /* CachedAsyncImage */; };
		64DFA16B2B8CDE2600E9D3E5 /* AppetizerDetailView.swift in Sources */ = {isa = PBXBuildFile; fileRef = 64DFA16A2B8CDE2600E9D3E5 /* AppetizerDetailView.swift */; };
		64DFA16E2B8DC43400E9D3E5 /* XDismissButton.swift in Sources */ = {isa = PBXBuildFile; fileRef = 64DFA16D2B8DC43400E9D3E5 /* XDismissButton.swift */; };
		64DFA1722B8E08A400E9D3E5 /* AccountViewModel.swift in Sources */ = {isa = PBXBuildFile; fileRef = 64DFA1712B8E08A400E9D3E5 /* AccountViewModel.swift */; };
		64DFA1742B8EF51200E9D3E5 /* User.swift in Sources */ = {isa = PBXBuildFile; fileRef = 64DFA1732B8EF51200E9D3E5 /* User.swift */; };
		64DFA1772B8F2A7800E9D3E5 /* EmptyState.swift in Sources */ = {isa = PBXBuildFile; fileRef = 64DFA1762B8F2A7800E9D3E5 /* EmptyState.swift */; };
		64DFA1792B8F5B3700E9D3E5 /* Order.swift in Sources */ = {isa = PBXBuildFile; fileRef = 64DFA1782B8F5B3700E9D3E5 /* Order.swift */; };
/* End PBXBuildFile section */

/* Begin PBXFileReference section */
		647AAFDC2B89A61600CD0D3F /* AppetizerListView.swift */ = {isa = PBXFileReference; lastKnownFileType = sourcecode.swift; path = AppetizerListView.swift; sourceTree = "<group>"; };
		647AAFDE2B89A63400CD0D3F /* OrderView.swift */ = {isa = PBXFileReference; lastKnownFileType = sourcecode.swift; path = OrderView.swift; sourceTree = "<group>"; };
		647AAFE02B89A65A00CD0D3F /* AccountView.swift */ = {isa = PBXFileReference; lastKnownFileType = sourcecode.swift; path = AccountView.swift; sourceTree = "<group>"; };
		647AAFE22B89B87100CD0D3F /* Appetizer.swift */ = {isa = PBXFileReference; lastKnownFileType = sourcecode.swift; path = Appetizer.swift; sourceTree = "<group>"; };
		647AAFE42B89C5CE00CD0D3F /* AppetizerTitleView.swift */ = {isa = PBXFileReference; lastKnownFileType = sourcecode.swift; path = AppetizerTitleView.swift; sourceTree = "<group>"; };
		647AAFE62B8B7F4E00CD0D3F /* APError.swift */ = {isa = PBXFileReference; lastKnownFileType = sourcecode.swift; path = APError.swift; sourceTree = "<group>"; };
		647AAFE82B8B801E00CD0D3F /* NetworkManager.swift */ = {isa = PBXFileReference; lastKnownFileType = sourcecode.swift; path = NetworkManager.swift; sourceTree = "<group>"; };
		64D12E672B88E3BB006C3C3D /* Appetizers.app */ = {isa = PBXFileReference; explicitFileType = wrapper.application; includeInIndex = 0; path = Appetizers.app; sourceTree = BUILT_PRODUCTS_DIR; };
		64D12E6A2B88E3BB006C3C3D /* AppetizersApp.swift */ = {isa = PBXFileReference; lastKnownFileType = sourcecode.swift; path = AppetizersApp.swift; sourceTree = "<group>"; };
		64D12E6C2B88E3BB006C3C3D /* AppetizerTabView.swift */ = {isa = PBXFileReference; lastKnownFileType = sourcecode.swift; path = AppetizerTabView.swift; sourceTree = "<group>"; };
		64D12E6E2B88E3BD006C3C3D /* Assets.xcassets */ = {isa = PBXFileReference; lastKnownFileType = folder.assetcatalog; path = Assets.xcassets; sourceTree = "<group>"; };
		64D12E712B88E3BD006C3C3D /* Preview Assets.xcassets */ = {isa = PBXFileReference; lastKnownFileType = folder.assetcatalog; path = "Preview Assets.xcassets"; sourceTree = "<group>"; };
		64DFA1592B8C7A6C00E9D3E5 /* AppetizerListViewModel.swift */ = {isa = PBXFileReference; lastKnownFileType = sourcecode.swift; path = AppetizerListViewModel.swift; sourceTree = "<group>"; };
		64DFA15B2B8CA9CD00E9D3E5 /* AlertItem.swift */ = {isa = PBXFileReference; lastKnownFileType = sourcecode.swift; path = AlertItem.swift; sourceTree = "<group>"; };
		64DFA16A2B8CDE2600E9D3E5 /* AppetizerDetailView.swift */ = {isa = PBXFileReference; lastKnownFileType = sourcecode.swift; path = AppetizerDetailView.swift; sourceTree = "<group>"; };
		64DFA16D2B8DC43400E9D3E5 /* XDismissButton.swift */ = {isa = PBXFileReference; lastKnownFileType = sourcecode.swift; path = XDismissButton.swift; sourceTree = "<group>"; };
		64DFA1712B8E08A400E9D3E5 /* AccountViewModel.swift */ = {isa = PBXFileReference; lastKnownFileType = sourcecode.swift; path = AccountViewModel.swift; sourceTree = "<group>"; };
		64DFA1732B8EF51200E9D3E5 /* User.swift */ = {isa = PBXFileReference; lastKnownFileType = sourcecode.swift; path = User.swift; sourceTree = "<group>"; };
		64DFA1762B8F2A7800E9D3E5 /* EmptyState.swift */ = {isa = PBXFileReference; lastKnownFileType = sourcecode.swift; path = EmptyState.swift; sourceTree = "<group>"; };
		64DFA1782B8F5B3700E9D3E5 /* Order.swift */ = {isa = PBXFileReference; lastKnownFileType = sourcecode.swift; path = Order.swift; sourceTree = "<group>"; };
/* End PBXFileReference section */

/* Begin PBXFrameworksBuildPhase section */
		64D12E642B88E3BB006C3C3D /* Frameworks */ = {
			isa = PBXFrameworksBuildPhase;
			buildActionMask = 2147483647;
			files = (
				64DFA15F2B8CCC5A00E9D3E5 /* CachedAsyncImage in Frameworks */,
			);
			runOnlyForDeploymentPostprocessing = 0;
		};
/* End PBXFrameworksBuildPhase section */

/* Begin PBXGroup section */
		64D12E5E2B88E3BB006C3C3D = {
			isa = PBXGroup;
			children = (
				64D12E692B88E3BB006C3C3D /* Appetizers */,
				64D12E682B88E3BB006C3C3D /* Products */,
			);
			sourceTree = "<group>";
		};
		64D12E682B88E3BB006C3C3D /* Products */ = {
			isa = PBXGroup;
			children = (
				64D12E672B88E3BB006C3C3D /* Appetizers.app */,
			);
			name = Products;
			sourceTree = "<group>";
		};
		64D12E692B88E3BB006C3C3D /* Appetizers */ = {
			isa = PBXGroup;
			children = (
				64DFA1682B8CCEFD00E9D3E5 /* Views */,
				64DFA1672B8CCEC900E9D3E5 /* Model */,
				64DFA1642B8CCE1D00E9D3E5 /* Utilities */,
				64DFA1602B8CCD3A00E9D3E5 /* Screens */,
				64D12E6A2B88E3BB006C3C3D /* AppetizersApp.swift */,
				64D12E6E2B88E3BD006C3C3D /* Assets.xcassets */,
				64D12E702B88E3BD006C3C3D /* Preview Content */,
				64DFA1782B8F5B3700E9D3E5 /* Order.swift */,
			);
			path = Appetizers;
			sourceTree = "<group>";
		};
		64D12E702B88E3BD006C3C3D /* Preview Content */ = {
			isa = PBXGroup;
			children = (
				64D12E712B88E3BD006C3C3D /* Preview Assets.xcassets */,
			);
			path = "Preview Content";
			sourceTree = "<group>";
		};
		64DFA1602B8CCD3A00E9D3E5 /* Screens */ = {
			isa = PBXGroup;
			children = (
				64D12E6C2B88E3BB006C3C3D /* AppetizerTabView.swift */,
				64DFA1612B8CCD7500E9D3E5 /* AppetizerListView */,
				64DFA1622B8CCD9300E9D3E5 /* AccountView */,
				64DFA1632B8CCDA600E9D3E5 /* OrderView */,
			);
			path = Screens;
			sourceTree = "<group>";
		};
		64DFA1612B8CCD7500E9D3E5 /* AppetizerListView */ = {
			isa = PBXGroup;
			children = (
				647AAFDC2B89A61600CD0D3F /* AppetizerListView.swift */,
				64DFA1592B8C7A6C00E9D3E5 /* AppetizerListViewModel.swift */,
				64DFA16A2B8CDE2600E9D3E5 /* AppetizerDetailView.swift */,
			);
			path = AppetizerListView;
			sourceTree = "<group>";
		};
		64DFA1622B8CCD9300E9D3E5 /* AccountView */ = {
			isa = PBXGroup;
			children = (
				647AAFE02B89A65A00CD0D3F /* AccountView.swift */,
				64DFA1712B8E08A400E9D3E5 /* AccountViewModel.swift */,
			);
			path = AccountView;
			sourceTree = "<group>";
		};
		64DFA1632B8CCDA600E9D3E5 /* OrderView */ = {
			isa = PBXGroup;
			children = (
				647AAFDE2B89A63400CD0D3F /* OrderView.swift */,
			);
			path = OrderView;
			sourceTree = "<group>";
		};
		64DFA1642B8CCE1D00E9D3E5 /* Utilities */ = {
			isa = PBXGroup;
			children = (
				64DFA1662B8CCE8B00E9D3E5 /* Alerts */,
				64DFA1652B8CCE4200E9D3E5 /* Managers */,
			);
			path = Utilities;
			sourceTree = "<group>";
		};
		64DFA1652B8CCE4200E9D3E5 /* Managers */ = {
			isa = PBXGroup;
			children = (
				647AAFE82B8B801E00CD0D3F /* NetworkManager.swift */,
			);
			path = Managers;
			sourceTree = "<group>";
		};
		64DFA1662B8CCE8B00E9D3E5 /* Alerts */ = {
			isa = PBXGroup;
			children = (
				647AAFE62B8B7F4E00CD0D3F /* APError.swift */,
				64DFA15B2B8CA9CD00E9D3E5 /* AlertItem.swift */,
			);
			path = Alerts;
			sourceTree = "<group>";
		};
		64DFA1672B8CCEC900E9D3E5 /* Model */ = {
			isa = PBXGroup;
			children = (
				64DFA1732B8EF51200E9D3E5 /* User.swift */,
				647AAFE22B89B87100CD0D3F /* Appetizer.swift */,
			);
			path = Model;
			sourceTree = "<group>";
		};
		64DFA1682B8CCEFD00E9D3E5 /* Views */ = {
			isa = PBXGroup;
			children = (
				64DFA1752B8F2A5B00E9D3E5 /* EmptyState */,
				64DFA16C2B8DC41600E9D3E5 /* Buttons */,
				647AAFE42B89C5CE00CD0D3F /* AppetizerTitleView.swift */,
			);
			path = Views;
			sourceTree = "<group>";
		};
		64DFA16C2B8DC41600E9D3E5 /* Buttons */ = {
			isa = PBXGroup;
			children = (
				64DFA16D2B8DC43400E9D3E5 /* XDismissButton.swift */,
			);
			path = Buttons;
			sourceTree = "<group>";
		};
		64DFA1752B8F2A5B00E9D3E5 /* EmptyState */ = {
			isa = PBXGroup;
			children = (
				64DFA1762B8F2A7800E9D3E5 /* EmptyState.swift */,
			);
			path = EmptyState;
			sourceTree = "<group>";
		};
/* End PBXGroup section */

/* Begin PBXNativeTarget section */
		64D12E662B88E3BB006C3C3D /* Appetizers */ = {
			isa = PBXNativeTarget;
			buildConfigurationList = 64D12E752B88E3BD006C3C3D /* Build configuration list for PBXNativeTarget "Appetizers" */;
			buildPhases = (
				64D12E632B88E3BB006C3C3D /* Sources */,
				64D12E642B88E3BB006C3C3D /* Frameworks */,
				64D12E652B88E3BB006C3C3D /* Resources */,
			);
			buildRules = (
			);
			dependencies = (
			);
			name = Appetizers;
			packageProductDependencies = (
				64DFA15E2B8CCC5A00E9D3E5 /* CachedAsyncImage */,
			);
			productName = Appetizers;
			productReference = 64D12E672B88E3BB006C3C3D /* Appetizers.app */;
			productType = "com.apple.product-type.application";
		};
/* End PBXNativeTarget section */

/* Begin PBXProject section */
		64D12E5F2B88E3BB006C3C3D /* Project object */ = {
			isa = PBXProject;
			attributes = {
				BuildIndependentTargetsInParallel = 1;
				LastSwiftUpdateCheck = 1520;
				LastUpgradeCheck = 1520;
				TargetAttributes = {
					64D12E662B88E3BB006C3C3D = {
						CreatedOnToolsVersion = 15.2;
					};
				};
			};
			buildConfigurationList = 64D12E622B88E3BB006C3C3D /* Build configuration list for PBXProject "Appetizers" */;
			compatibilityVersion = "Xcode 14.0";
			developmentRegion = en;
			hasScannedForEncodings = 0;
			knownRegions = (
				en,
				Base,
			);
			mainGroup = 64D12E5E2B88E3BB006C3C3D;
			packageReferences = (
				64DFA15D2B8CCC5A00E9D3E5 /* XCRemoteSwiftPackageReference "swiftui-cached-async-image" */,
			);
			productRefGroup = 64D12E682B88E3BB006C3C3D /* Products */;
			projectDirPath = "";
			projectRoot = "";
			targets = (
				64D12E662B88E3BB006C3C3D /* Appetizers */,
			);
		};
/* End PBXProject section */

/* Begin PBXResourcesBuildPhase section */
		64D12E652B88E3BB006C3C3D /* Resources */ = {
			isa = PBXResourcesBuildPhase;
			buildActionMask = 2147483647;
			files = (
				64D12E722B88E3BD006C3C3D /* Preview Assets.xcassets in Resources */,
				64D12E6F2B88E3BD006C3C3D /* Assets.xcassets in Resources */,
			);
			runOnlyForDeploymentPostprocessing = 0;
		};
/* End PBXResourcesBuildPhase section */

/* Begin PBXSourcesBuildPhase section */
		64D12E632B88E3BB006C3C3D /* Sources */ = {
			isa = PBXSourcesBuildPhase;
			buildActionMask = 2147483647;
			files = (
				64DFA15C2B8CA9CD00E9D3E5 /* AlertItem.swift in Sources */,
				64DFA16E2B8DC43400E9D3E5 /* XDismissButton.swift in Sources */,
				647AAFE52B89C5CE00CD0D3F /* AppetizerTitleView.swift in Sources */,
				647AAFE32B89B87100CD0D3F /* Appetizer.swift in Sources */,
				647AAFDD2B89A61600CD0D3F /* AppetizerListView.swift in Sources */,
				64DFA15A2B8C7A6C00E9D3E5 /* AppetizerListViewModel.swift in Sources */,
				64DFA1792B8F5B3700E9D3E5 /* Order.swift in Sources */,
				647AAFE72B8B7F4E00CD0D3F /* APError.swift in Sources */,
				647AAFE92B8B801E00CD0D3F /* NetworkManager.swift in Sources */,
				64DFA1742B8EF51200E9D3E5 /* User.swift in Sources */,
				64DFA1722B8E08A400E9D3E5 /* AccountViewModel.swift in Sources */,
				647AAFDF2B89A63400CD0D3F /* OrderView.swift in Sources */,
				64DFA1772B8F2A7800E9D3E5 /* EmptyState.swift in Sources */,
				64D12E6D2B88E3BB006C3C3D /* AppetizerTabView.swift in Sources */,
				64D12E6B2B88E3BB006C3C3D /* AppetizersApp.swift in Sources */,
				64DFA16B2B8CDE2600E9D3E5 /* AppetizerDetailView.swift in Sources */,
				647AAFE12B89A65A00CD0D3F /* AccountView.swift in Sources */,
			);
			runOnlyForDeploymentPostprocessing = 0;
		};
/* End PBXSourcesBuildPhase section */

/* Begin XCBuildConfiguration section */
		64D12E732B88E3BD006C3C3D /* Debug */ = {
			isa = XCBuildConfiguration;
			buildSettings = {
				ALWAYS_SEARCH_USER_PATHS = NO;
				ASSETCATALOG_COMPILER_GENERATE_SWIFT_ASSET_SYMBOL_EXTENSIONS = YES;
				CLANG_ANALYZER_NONNULL = YES;
				CLANG_ANALYZER_NUMBER_OBJECT_CONVERSION = YES_AGGRESSIVE;
				CLANG_CXX_LANGUAGE_STANDARD = "gnu++20";
				CLANG_ENABLE_MODULES = YES;
				CLANG_ENABLE_OBJC_ARC = YES;
				CLANG_ENABLE_OBJC_WEAK = YES;
				CLANG_WARN_BLOCK_CAPTURE_AUTORELEASING = YES;
				CLANG_WARN_BOOL_CONVERSION = YES;
				CLANG_WARN_COMMA = YES;
				CLANG_WARN_CONSTANT_CONVERSION = YES;
				CLANG_WARN_DEPRECATED_OBJC_IMPLEMENTATIONS = YES;
				CLANG_WARN_DIRECT_OBJC_ISA_USAGE = YES_ERROR;
				CLANG_WARN_DOCUMENTATION_COMMENTS = YES;
				CLANG_WARN_EMPTY_BODY = YES;
				CLANG_WARN_ENUM_CONVERSION = YES;
				CLANG_WARN_INFINITE_RECURSION = YES;
				CLANG_WARN_INT_CONVERSION = YES;
				CLANG_WARN_NON_LITERAL_NULL_CONVERSION = YES;
				CLANG_WARN_OBJC_IMPLICIT_RETAIN_SELF = YES;
				CLANG_WARN_OBJC_LITERAL_CONVERSION = YES;
				CLANG_WARN_OBJC_ROOT_CLASS = YES_ERROR;
				CLANG_WARN_QUOTED_INCLUDE_IN_FRAMEWORK_HEADER = YES;
				CLANG_WARN_RANGE_LOOP_ANALYSIS = YES;
				CLANG_WARN_STRICT_PROTOTYPES = YES;
				CLANG_WARN_SUSPICIOUS_MOVE = YES;
				CLANG_WARN_UNGUARDED_AVAILABILITY = YES_AGGRESSIVE;
				CLANG_WARN_UNREACHABLE_CODE = YES;
				CLANG_WARN__DUPLICATE_METHOD_MATCH = YES;
				COPY_PHASE_STRIP = NO;
				DEBUG_INFORMATION_FORMAT = dwarf;
				ENABLE_STRICT_OBJC_MSGSEND = YES;
				ENABLE_TESTABILITY = YES;
				ENABLE_USER_SCRIPT_SANDBOXING = YES;
				GCC_C_LANGUAGE_STANDARD = gnu17;
				GCC_DYNAMIC_NO_PIC = NO;
				GCC_NO_COMMON_BLOCKS = YES;
				GCC_OPTIMIZATION_LEVEL = 0;
				GCC_PREPROCESSOR_DEFINITIONS = (
					"DEBUG=1",
					"$(inherited)",
				);
				GCC_WARN_64_TO_32_BIT_CONVERSION = YES;
				GCC_WARN_ABOUT_RETURN_TYPE = YES_ERROR;
				GCC_WARN_UNDECLARED_SELECTOR = YES;
				GCC_WARN_UNINITIALIZED_AUTOS = YES_AGGRESSIVE;
				GCC_WARN_UNUSED_FUNCTION = YES;
				GCC_WARN_UNUSED_VARIABLE = YES;
				IPHONEOS_DEPLOYMENT_TARGET = 17.2;
				LOCALIZATION_PREFERS_STRING_CATALOGS = YES;
				MTL_ENABLE_DEBUG_INFO = INCLUDE_SOURCE;
				MTL_FAST_MATH = YES;
				ONLY_ACTIVE_ARCH = YES;
				SDKROOT = iphoneos;
				SWIFT_ACTIVE_COMPILATION_CONDITIONS = "DEBUG $(inherited)";
				SWIFT_OPTIMIZATION_LEVEL = "-Onone";
			};
			name = Debug;
		};
		64D12E742B88E3BD006C3C3D /* Release */ = {
			isa = XCBuildConfiguration;
			buildSettings = {
				ALWAYS_SEARCH_USER_PATHS = NO;
				ASSETCATALOG_COMPILER_GENERATE_SWIFT_ASSET_SYMBOL_EXTENSIONS = YES;
				CLANG_ANALYZER_NONNULL = YES;
				CLANG_ANALYZER_NUMBER_OBJECT_CONVERSION = YES_AGGRESSIVE;
				CLANG_CXX_LANGUAGE_STANDARD = "gnu++20";
				CLANG_ENABLE_MODULES = YES;
				CLANG_ENABLE_OBJC_ARC = YES;
				CLANG_ENABLE_OBJC_WEAK = YES;
				CLANG_WARN_BLOCK_CAPTURE_AUTORELEASING = YES;
				CLANG_WARN_BOOL_CONVERSION = YES;
				CLANG_WARN_COMMA = YES;
				CLANG_WARN_CONSTANT_CONVERSION = YES;
				CLANG_WARN_DEPRECATED_OBJC_IMPLEMENTATIONS = YES;
				CLANG_WARN_DIRECT_OBJC_ISA_USAGE = YES_ERROR;
				CLANG_WARN_DOCUMENTATION_COMMENTS = YES;
				CLANG_WARN_EMPTY_BODY = YES;
				CLANG_WARN_ENUM_CONVERSION = YES;
				CLANG_WARN_INFINITE_RECURSION = YES;
				CLANG_WARN_INT_CONVERSION = YES;
				CLANG_WARN_NON_LITERAL_NULL_CONVERSION = YES;
				CLANG_WARN_OBJC_IMPLICIT_RETAIN_SELF = YES;
				CLANG_WARN_OBJC_LITERAL_CONVERSION = YES;
				CLANG_WARN_OBJC_ROOT_CLASS = YES_ERROR;
				CLANG_WARN_QUOTED_INCLUDE_IN_FRAMEWORK_HEADER = YES;
				CLANG_WARN_RANGE_LOOP_ANALYSIS = YES;
				CLANG_WARN_STRICT_PROTOTYPES = YES;
				CLANG_WARN_SUSPICIOUS_MOVE = YES;
				CLANG_WARN_UNGUARDED_AVAILABILITY = YES_AGGRESSIVE;
				CLANG_WARN_UNREACHABLE_CODE = YES;
				CLANG_WARN__DUPLICATE_METHOD_MATCH = YES;
				COPY_PHASE_STRIP = NO;
				DEBUG_INFORMATION_FORMAT = "dwarf-with-dsym";
				ENABLE_NS_ASSERTIONS = NO;
				ENABLE_STRICT_OBJC_MSGSEND = YES;
				ENABLE_USER_SCRIPT_SANDBOXING = YES;
				GCC_C_LANGUAGE_STANDARD = gnu17;
				GCC_NO_COMMON_BLOCKS = YES;
				GCC_WARN_64_TO_32_BIT_CONVERSION = YES;
				GCC_WARN_ABOUT_RETURN_TYPE = YES_ERROR;
				GCC_WARN_UNDECLARED_SELECTOR = YES;
				GCC_WARN_UNINITIALIZED_AUTOS = YES_AGGRESSIVE;
				GCC_WARN_UNUSED_FUNCTION = YES;
				GCC_WARN_UNUSED_VARIABLE = YES;
				IPHONEOS_DEPLOYMENT_TARGET = 17.2;
				LOCALIZATION_PREFERS_STRING_CATALOGS = YES;
				MTL_ENABLE_DEBUG_INFO = NO;
				MTL_FAST_MATH = YES;
				SDKROOT = iphoneos;
				SWIFT_COMPILATION_MODE = wholemodule;
				VALIDATE_PRODUCT = YES;
			};
			name = Release;
		};
		64D12E762B88E3BD006C3C3D /* Debug */ = {
			isa = XCBuildConfiguration;
			buildSettings = {
				ASSETCATALOG_COMPILER_APPICON_NAME = AppIcon;
				ASSETCATALOG_COMPILER_GLOBAL_ACCENT_COLOR_NAME = AccentColor;
				CODE_SIGN_STYLE = Automatic;
				CURRENT_PROJECT_VERSION = 1;
				DEVELOPMENT_ASSET_PATHS = "\"Appetizers/Preview Content\"";
				DEVELOPMENT_TEAM = ABLWX2GWK5;
				ENABLE_PREVIEWS = YES;
				GENERATE_INFOPLIST_FILE = YES;
				INFOPLIST_KEY_UIApplicationSceneManifest_Generation = YES;
				INFOPLIST_KEY_UIApplicationSupportsIndirectInputEvents = YES;
				INFOPLIST_KEY_UILaunchScreen_Generation = YES;
				INFOPLIST_KEY_UISupportedInterfaceOrientations_iPad = "UIInterfaceOrientationPortrait UIInterfaceOrientationPortraitUpsideDown UIInterfaceOrientationLandscapeLeft UIInterfaceOrientationLandscapeRight";
				INFOPLIST_KEY_UISupportedInterfaceOrientations_iPhone = "UIInterfaceOrientationPortrait UIInterfaceOrientationLandscapeLeft UIInterfaceOrientationLandscapeRight";
				LD_RUNPATH_SEARCH_PATHS = (
					"$(inherited)",
					"@executable_path/Frameworks",
				);
				MARKETING_VERSION = 1.0;
				PRODUCT_BUNDLE_IDENTIFIER = com.dhruval.Appetizers;
				PRODUCT_NAME = "$(TARGET_NAME)";
				SWIFT_EMIT_LOC_STRINGS = YES;
				SWIFT_VERSION = 5.0;
				TARGETED_DEVICE_FAMILY = "1,2";
			};
			name = Debug;
		};
		64D12E772B88E3BD006C3C3D /* Release */ = {
			isa = XCBuildConfiguration;
			buildSettings = {
				ASSETCATALOG_COMPILER_APPICON_NAME = AppIcon;
				ASSETCATALOG_COMPILER_GLOBAL_ACCENT_COLOR_NAME = AccentColor;
				CODE_SIGN_STYLE = Automatic;
				CURRENT_PROJECT_VERSION = 1;
				DEVELOPMENT_ASSET_PATHS = "\"Appetizers/Preview Content\"";
				DEVELOPMENT_TEAM = ABLWX2GWK5;
				ENABLE_PREVIEWS = YES;
				GENERATE_INFOPLIST_FILE = YES;
				INFOPLIST_KEY_UIApplicationSceneManifest_Generation = YES;
				INFOPLIST_KEY_UIApplicationSupportsIndirectInputEvents = YES;
				INFOPLIST_KEY_UILaunchScreen_Generation = YES;
				INFOPLIST_KEY_UISupportedInterfaceOrientations_iPad = "UIInterfaceOrientationPortrait UIInterfaceOrientationPortraitUpsideDown UIInterfaceOrientationLandscapeLeft UIInterfaceOrientationLandscapeRight";
				INFOPLIST_KEY_UISupportedInterfaceOrientations_iPhone = "UIInterfaceOrientationPortrait UIInterfaceOrientationLandscapeLeft UIInterfaceOrientationLandscapeRight";
				LD_RUNPATH_SEARCH_PATHS = (
					"$(inherited)",
					"@executable_path/Frameworks",
				);
				MARKETING_VERSION = 1.0;
				PRODUCT_BUNDLE_IDENTIFIER = com.dhruval.Appetizers;
				PRODUCT_NAME = "$(TARGET_NAME)";
				SWIFT_EMIT_LOC_STRINGS = YES;
				SWIFT_VERSION = 5.0;
				TARGETED_DEVICE_FAMILY = "1,2";
			};
			name = Release;
		};
/* End XCBuildConfiguration section */

/* Begin XCConfigurationList section */
		64D12E622B88E3BB006C3C3D /* Build configuration list for PBXProject "Appetizers" */ = {
			isa = XCConfigurationList;
			buildConfigurations = (
				64D12E732B88E3BD006C3C3D /* Debug */,
				64D12E742B88E3BD006C3C3D /* Release */,
			);
			defaultConfigurationIsVisible = 0;
			defaultConfigurationName = Release;
		};
		64D12E752B88E3BD006C3C3D /* Build configuration list for PBXNativeTarget "Appetizers" */ = {
			isa = XCConfigurationList;
			buildConfigurations = (
				64D12E762B88E3BD006C3C3D /* Debug */,
				64D12E772B88E3BD006C3C3D /* Release */,
			);
			defaultConfigurationIsVisible = 0;
			defaultConfigurationName = Release;
		};
/* End XCConfigurationList section */

/* Begin XCRemoteSwiftPackageReference section */
		64DFA15D2B8CCC5A00E9D3E5 /* XCRemoteSwiftPackageReference "swiftui-cached-async-image" */ = {
			isa = XCRemoteSwiftPackageReference;
			repositoryURL = "https://github.com/lorenzofiamingo/swiftui-cached-async-image.git";
			requirement = {
				kind = upToNextMajorVersion;
				minimumVersion = 2.1.1;
			};
		};
/* End XCRemoteSwiftPackageReference section */

/* Begin XCSwiftPackageProductDependency section */
		64DFA15E2B8CCC5A00E9D3E5 /* CachedAsyncImage */ = {
			isa = XCSwiftPackageProductDependency;
			package = 64DFA15D2B8CCC5A00E9D3E5 /* XCRemoteSwiftPackageReference "swiftui-cached-async-image" */;
			productName = CachedAsyncImage;
		};
/* End XCSwiftPackageProductDependency section */
	};
	rootObject = 64D12E5F2B88E3BB006C3C3D /* Project object */;
}
